
Microsoft Visual Studio Solution File, Format Version 12.00
# Visual Studio Version 17
VisualStudioVersion = 17.11.35327.3
MinimumVisualStudioVersion = 10.0.40219.1
Project("{FAE04EC0-301F-11D3-BF4B-00C04F79EFBC}") = "UniversityDatabase", "UniversityDatabase\UniversityDatabase.csproj", "{E84BC49F-F6F4-443B-86DD-4E40D1AD30CE}"
EndProject
Project("{FAE04EC0-301F-11D3-BF4B-00C04F79EFBC}") = "UniversityDatabase.Core", "UniversityDatabase.Core\UniversityDatabase.Core.csproj", "{5C43214B-F562-4F83-B0AD-E5DA9F8015ED}"
EndProject
Project("{FAE04EC0-301F-11D3-BF4B-00C04F79EFBC}") = "UniversityDatabase.Persistance", "UniversityDatabase.Persistance\UniversityDatabase.Persistance.csproj", "{2C5DD321-7B51-4819-993C-FE7D6C7BAD31}"
EndProject
Global
	GlobalSection(SolutionConfigurationPlatforms) = preSolution
		Debug|Any CPU = Debug|Any CPU
		Release|Any CPU = Release|Any CPU
	EndGlobalSection
	GlobalSection(ProjectConfigurationPlatforms) = postSolution
		{E84BC49F-F6F4-443B-86DD-4E40D1AD30CE}.Debug|Any CPU.ActiveCfg = Debug|Any CPU
		{E84BC49F-F6F4-443B-86DD-4E40D1AD30CE}.Debug|Any CPU.Build.0 = Debug|Any CPU
		{E84BC49F-F6F4-443B-86DD-4E40D1AD30CE}.Release|Any CPU.ActiveCfg = Release|Any CPU
		{E84BC49F-F6F4-443B-86DD-4E40D1AD30CE}.Release|Any CPU.Build.0 = Release|Any CPU
		{5C43214B-F562-4F83-B0AD-E5DA9F8015ED}.Debug|Any CPU.ActiveCfg = Debug|Any CPU
		{5C43214B-F562-4F83-B0AD-E5DA9F8015ED}.Debug|Any CPU.Build.0 = Debug|Any CPU
		{5C43214B-F562-4F83-B0AD-E5DA9F8015ED}.Release|Any CPU.ActiveCfg = Release|Any CPU
		{5C43214B-F562-4F83-B0AD-E5DA9F8015ED}.Release|Any CPU.Build.0 = Release|Any CPU
		{2C5DD321-7B51-4819-993C-FE7D6C7BAD31}.Debug|Any CPU.ActiveCfg = Debug|Any CPU
		{2C5DD321-7B51-4819-993C-FE7D6C7BAD31}.Debug|Any CPU.Build.0 = Debug|Any CPU
		{2C5DD321-7B51-4819-993C-FE7D6C7BAD31}.Release|Any CPU.ActiveCfg = Release|Any CPU
		{2C5DD321-7B51-4819-993C-FE7D6C7BAD31}.Release|Any CPU.Build.0 = Release|Any CPU
	EndGlobalSection
	GlobalSection(SolutionProperties) = preSolution
		HideSolutionNode = FALSE
	EndGlobalSection
	GlobalSection(ExtensibilityGlobals) = postSolution
		SolutionGuid = {13265073-EDFC-4391-BB51-D22FDE979B3D}
	EndGlobalSection
EndGlobal
